
Microsoft Visual Studio Solution File, Format Version 12.00
Project("{FAE04EC0-301F-11D3-BF4B-00C04F79EFBC}") = "projectTodoServer", "projectTodoServer\projectTodoServer.csproj", "{148A826E-091C-4781-8C9C-6E19ABBD9E83}"
EndProject
Project("{2150E333-8FDC-42A3-9474-1A3956D46DE8}") = "Solution Items", "Solution Items", "{3A4F4A21-1CF2-40BB-8B7F-E3AAC175F584}"
	ProjectSection(SolutionItems) = preProject
		compose.yaml = compose.yaml
	EndProjectSection
EndProject
Global
	GlobalSection(SolutionConfigurationPlatforms) = preSolution
		Debug|Any CPU = Debug|Any CPU
		Release|Any CPU = Release|Any CPU
	EndGlobalSection
	GlobalSection(ProjectConfigurationPlatforms) = postSolution
		{148A826E-091C-4781-8C9C-6E19ABBD9E83}.Debug|Any CPU.ActiveCfg = Debug|Any CPU
		{148A826E-091C-4781-8C9C-6E19ABBD9E83}.Debug|Any CPU.Build.0 = Debug|Any CPU
		{148A826E-091C-4781-8C9C-6E19ABBD9E83}.Release|Any CPU.ActiveCfg = Release|Any CPU
		{148A826E-091C-4781-8C9C-6E19ABBD9E83}.Release|Any CPU.Build.0 = Release|Any CPU
	EndGlobalSection
EndGlobal
